
Microsoft Visual Studio Solution File, Format Version 12.00
# Visual Studio 2013
VisualStudioVersion = 12.0.40629.0
MinimumVisualStudioVersion = 10.0.40219.1
Project("{FAE04EC0-301F-11D3-BF4B-00C04F79EFBC}") = "WordPuzzleScorer.Domain", "WordPuzzleScorer.Domain\WordPuzzleScorer.Domain.csproj", "{17F08B42-917C-4FD6-8585-F9C9F1619618}"
EndProject
Project("{FAE04EC0-301F-11D3-BF4B-00C04F79EFBC}") = "WordPuzzleScorer.Tests.Unit", "WordPuzzleScorer.Tests\WordPuzzleScorer.Tests.Unit.csproj", "{BF91BBCC-F03D-44E5-A2A2-3BF483917F5D}"
EndProject
Project("{FAE04EC0-301F-11D3-BF4B-00C04F79EFBC}") = "WordPuzzleScorer.Tests.Acceptance", "WordPuzzleScorer.Tests.Acceptance\WordPuzzleScorer.Tests.Acceptance.csproj", "{611A6F7E-C56C-46F2-849D-93A9D335A9EE}"
EndProject
Global
	GlobalSection(SolutionConfigurationPlatforms) = preSolution
		Debug|Any CPU = Debug|Any CPU
		Release|Any CPU = Release|Any CPU
	EndGlobalSection
	GlobalSection(ProjectConfigurationPlatforms) = postSolution
		{17F08B42-917C-4FD6-8585-F9C9F1619618}.Debug|Any CPU.ActiveCfg = Debug|Any CPU
		{17F08B42-917C-4FD6-8585-F9C9F1619618}.Debug|Any CPU.Build.0 = Debug|Any CPU
		{17F08B42-917C-4FD6-8585-F9C9F1619618}.Release|Any CPU.ActiveCfg = Release|Any CPU
		{17F08B42-917C-4FD6-8585-F9C9F1619618}.Release|Any CPU.Build.0 = Release|Any CPU
		{BF91BBCC-F03D-44E5-A2A2-3BF483917F5D}.Debug|Any CPU.ActiveCfg = Debug|Any CPU
		{BF91BBCC-F03D-44E5-A2A2-3BF483917F5D}.Debug|Any CPU.Build.0 = Debug|Any CPU
		{BF91BBCC-F03D-44E5-A2A2-3BF483917F5D}.Release|Any CPU.ActiveCfg = Release|Any CPU
		{BF91BBCC-F03D-44E5-A2A2-3BF483917F5D}.Release|Any CPU.Build.0 = Release|Any CPU
		{611A6F7E-C56C-46F2-849D-93A9D335A9EE}.Debug|Any CPU.ActiveCfg = Debug|Any CPU
		{611A6F7E-C56C-46F2-849D-93A9D335A9EE}.Debug|Any CPU.Build.0 = Debug|Any CPU
		{611A6F7E-C56C-46F2-849D-93A9D335A9EE}.Release|Any CPU.ActiveCfg = Release|Any CPU
		{611A6F7E-C56C-46F2-849D-93A9D335A9EE}.Release|Any CPU.Build.0 = Release|Any CPU
	EndGlobalSection
	GlobalSection(SolutionProperties) = preSolution
		HideSolutionNode = FALSE
	EndGlobalSection
EndGlobal
